
Microsoft Visual Studio Solution File, Format Version 12.00
# Visual Studio Version 16
VisualStudioVersion = 16.0.31424.327
MinimumVisualStudioVersion = 10.0.40219.1
Project("{9A19103F-16F7-4668-BE54-9A1E7A4F7556}") = "FreshWork", "TrueGreen\FreshWork.csproj", "{16CD15D5-FF5B-429E-B61F-D3A6AC544DCA}"
EndProject
Global
	GlobalSection(SolutionConfigurationPlatforms) = preSolution
		Debug|Any CPU = Debug|Any CPU
		Release|Any CPU = Release|Any CPU
	EndGlobalSection
	GlobalSection(ProjectConfigurationPlatforms) = postSolution
		{16CD15D5-FF5B-429E-B61F-D3A6AC544DCA}.Debug|Any CPU.ActiveCfg = Debug|Any CPU
		{16CD15D5-FF5B-429E-B61F-D3A6AC544DCA}.Debug|Any CPU.Build.0 = Debug|Any CPU
		{16CD15D5-FF5B-429E-B61F-D3A6AC544DCA}.Release|Any CPU.ActiveCfg = Release|Any CPU
		{16CD15D5-FF5B-429E-B61F-D3A6AC544DCA}.Release|Any CPU.Build.0 = Release|Any CPU
	EndGlobalSection
	GlobalSection(SolutionProperties) = preSolution
		HideSolutionNode = FALSE
	EndGlobalSection
	GlobalSection(ExtensibilityGlobals) = postSolution
		SolutionGuid = {16E108C6-2BD3-4B46-80A5-844EC113228F}
	EndGlobalSection
EndGlobal
